Microsoft Visual Studio Solution File, Format Version 11.00
# Visual Studio 2008

Project("{80C86C7D-1BD2-4E50-5052-E03308631927}") = "JogosFacisa", "Assembly-CSharp.csproj", "{AD040215-535C-713F-F0BB-413166BDC952}"
EndProject
Global
	GlobalSection(SolutionConfigurationPlatforms) = preSolution
		Debug|Any CPU = Debug|Any CPU
		Release|Any CPU = Release|Any CPU
	EndGlobalSection
	GlobalSection(ProjectConfigurationPlatforms) = postSolution
		{AD040215-535C-713F-F0BB-413166BDC952}.Debug|Any CPU.ActiveCfg = Debug|Any CPU
		{AD040215-535C-713F-F0BB-413166BDC952}.Debug|Any CPU.Build.0 = Debug|Any CPU
		{AD040215-535C-713F-F0BB-413166BDC952}.Release|Any CPU.ActiveCfg = Release|Any CPU
		{AD040215-535C-713F-F0BB-413166BDC952}.Release|Any CPU.Build.0 = Release|Any CPU
	EndGlobalSection
	GlobalSection(SolutionProperties) = preSolution
		HideSolutionNode = FALSE
	EndGlobalSection
	GlobalSection(MonoDevelopProperties) = preSolution
		StartupItem = Assembly-CSharp.csproj
	EndGlobalSection
EndGlobal
